
Microsoft Visual Studio Solution File, Format Version 12.00
# Visual Studio 14
VisualStudioVersion = 14.0.25123.0
MinimumVisualStudioVersion = 10.0.40219.1
Project("{F2A71F9B-5D33-465A-A702-920D77279786}") = "BitmapTest", "BitmapTest\BitmapTest.fsproj", "{B696D111-4CF3-4A59-AFB7-E11AFCE12062}"
EndProject
Project("{FAE04EC0-301F-11D3-BF4B-00C04F79EFBC}") = "Image", "Image\Image.csproj", "{0B200517-01B5-43B5-87F5-684FA9D61A21}"
EndProject
Global
	GlobalSection(SolutionConfigurationPlatforms) = preSolution
		Debug|Any CPU = Debug|Any CPU
		Release|Any CPU = Release|Any CPU
	EndGlobalSection
	GlobalSection(ProjectConfigurationPlatforms) = postSolution
		{B696D111-4CF3-4A59-AFB7-E11AFCE12062}.Debug|Any CPU.ActiveCfg = Debug|Any CPU
		{B696D111-4CF3-4A59-AFB7-E11AFCE12062}.Debug|Any CPU.Build.0 = Debug|Any CPU
		{B696D111-4CF3-4A59-AFB7-E11AFCE12062}.Release|Any CPU.ActiveCfg = Release|Any CPU
		{B696D111-4CF3-4A59-AFB7-E11AFCE12062}.Release|Any CPU.Build.0 = Release|Any CPU
		{0B200517-01B5-43B5-87F5-684FA9D61A21}.Debug|Any CPU.ActiveCfg = Debug|Any CPU
		{0B200517-01B5-43B5-87F5-684FA9D61A21}.Debug|Any CPU.Build.0 = Debug|Any CPU
		{0B200517-01B5-43B5-87F5-684FA9D61A21}.Release|Any CPU.ActiveCfg = Release|Any CPU
		{0B200517-01B5-43B5-87F5-684FA9D61A21}.Release|Any CPU.Build.0 = Release|Any CPU
	EndGlobalSection
	GlobalSection(SolutionProperties) = preSolution
		HideSolutionNode = FALSE
	EndGlobalSection
EndGlobal
